
Microsoft Visual Studio Solution File, Format Version 12.00
# Visual Studio Version 17
VisualStudioVersion = 17.8.34330.188
MinimumVisualStudioVersion = 10.0.40219.1
Project("{9A19103F-16F7-4668-BE54-9A1E7A4F7556}") = "Presentation", "NextProj\Presentation.csproj", "{76F75CC7-DFA3-46BC-BE16-163C9C2B5017}"
EndProject
Project("{FAE04EC0-301F-11D3-BF4B-00C04F79EFBC}") = "Infrastructure", "Infrastructure\Infrastructure.csproj", "{E479A782-10AC-4C49-96F3-46264E29D357}"
EndProject
Project("{FAE04EC0-301F-11D3-BF4B-00C04F79EFBC}") = "Domain", "Domain\Domain.csproj", "{B0B90920-FED9-4EE3-B6DA-4AFCF4EB0070}"
EndProject
Project("{FAE04EC0-301F-11D3-BF4B-00C04F79EFBC}") = "Application", "Application\Application.csproj", "{6FAC41D0-0FBC-4012-B683-81C08FB859BA}"
EndProject
Global
	GlobalSection(SolutionConfigurationPlatforms) = preSolution
		Debug|Any CPU = Debug|Any CPU
		Release|Any CPU = Release|Any CPU
	EndGlobalSection
	GlobalSection(ProjectConfigurationPlatforms) = postSolution
		{76F75CC7-DFA3-46BC-BE16-163C9C2B5017}.Debug|Any CPU.ActiveCfg = Debug|Any CPU
		{76F75CC7-DFA3-46BC-BE16-163C9C2B5017}.Debug|Any CPU.Build.0 = Debug|Any CPU
		{76F75CC7-DFA3-46BC-BE16-163C9C2B5017}.Release|Any CPU.ActiveCfg = Release|Any CPU
		{76F75CC7-DFA3-46BC-BE16-163C9C2B5017}.Release|Any CPU.Build.0 = Release|Any CPU
		{E479A782-10AC-4C49-96F3-46264E29D357}.Debug|Any CPU.ActiveCfg = Debug|Any CPU
		{E479A782-10AC-4C49-96F3-46264E29D357}.Debug|Any CPU.Build.0 = Debug|Any CPU
		{E479A782-10AC-4C49-96F3-46264E29D357}.Release|Any CPU.ActiveCfg = Release|Any CPU
		{E479A782-10AC-4C49-96F3-46264E29D357}.Release|Any CPU.Build.0 = Release|Any CPU
		{B0B90920-FED9-4EE3-B6DA-4AFCF4EB0070}.Debug|Any CPU.ActiveCfg = Debug|Any CPU
		{B0B90920-FED9-4EE3-B6DA-4AFCF4EB0070}.Debug|Any CPU.Build.0 = Debug|Any CPU
		{B0B90920-FED9-4EE3-B6DA-4AFCF4EB0070}.Release|Any CPU.ActiveCfg = Release|Any CPU
		{B0B90920-FED9-4EE3-B6DA-4AFCF4EB0070}.Release|Any CPU.Build.0 = Release|Any CPU
		{6FAC41D0-0FBC-4012-B683-81C08FB859BA}.Debug|Any CPU.ActiveCfg = Debug|Any CPU
		{6FAC41D0-0FBC-4012-B683-81C08FB859BA}.Debug|Any CPU.Build.0 = Debug|Any CPU
		{6FAC41D0-0FBC-4012-B683-81C08FB859BA}.Release|Any CPU.ActiveCfg = Release|Any CPU
		{6FAC41D0-0FBC-4012-B683-81C08FB859BA}.Release|Any CPU.Build.0 = Release|Any CPU
	EndGlobalSection
	GlobalSection(SolutionProperties) = preSolution
		HideSolutionNode = FALSE
	EndGlobalSection
	GlobalSection(ExtensibilityGlobals) = postSolution
		SolutionGuid = {680A289C-EB83-4529-BBDF-452EC80D6248}
	EndGlobalSection
EndGlobal
